// !$*UTF8*$!
{
	archiveVersion = 1;
	classes = {
	};
	objectVersion = 56;
	objects = {

/* Begin PBXBuildFile section */
		2351D33B2A68FCC800374208 /* MissionIntro.swift in Sources */ = {isa = PBXBuildFile; fileRef = 2351D33A2A68FCC800374208 /* MissionIntro.swift */; };
		BD25F6782A672DFC002D7553 /* unhousED_AppApp.swift in Sources */ = {isa = PBXBuildFile; fileRef = BD25F6772A672DFC002D7553 /* unhousED_AppApp.swift */; };
		BD25F67A2A672DFC002D7553 /* ContentView.swift in Sources */ = {isa = PBXBuildFile; fileRef = BD25F6792A672DFC002D7553 /* ContentView.swift */; };
		BD25F67C2A672E04002D7553 /* Assets.xcassets in Resources */ = {isa = PBXBuildFile; fileRef = BD25F67B2A672E04002D7553 /* Assets.xcassets */; };
		BD25F67F2A672E04002D7553 /* Preview Assets.xcassets in Resources */ = {isa = PBXBuildFile; fileRef = BD25F67E2A672E04002D7553 /* Preview Assets.xcassets */; };
		BD3FF4282A6890790018509E /* mainMenu.swift in Sources */ = {isa = PBXBuildFile; fileRef = BD3FF4272A6890790018509E /* mainMenu.swift */; };
		BD3FF42A2A6890E70018509E /* educationaMenu.swift in Sources */ = {isa = PBXBuildFile; fileRef = BD3FF4292A6890E70018509E /* educationaMenu.swift */; };
		BDC2316D2A67434400FE76FF /* Karla-Italic-VariableFont_wght.ttf in Resources */ = {isa = PBXBuildFile; fileRef = BDC2316C2A67434400FE76FF /* Karla-Italic-VariableFont_wght.ttf */; };
		BDC231712A67454100FE76FF /* Karla-VariableFont_wght.ttf in Resources */ = {isa = PBXBuildFile; fileRef = BDC231702A67454100FE76FF /* Karla-VariableFont_wght.ttf */; };
		BDF854102A688C9D005E7CA9 /* NavigationBar.swift in Sources */ = {isa = PBXBuildFile; fileRef = BDF8540F2A688C9D005E7CA9 /* NavigationBar.swift */; };
		BDF854122A688E11005E7CA9 /* destinationTest.swift in Sources */ = {isa = PBXBuildFile; fileRef = BDF854112A688E11005E7CA9 /* destinationTest.swift */; };
/* End PBXBuildFile section */

/* Begin PBXFileReference section */
		2351D33A2A68FCC800374208 /* MissionIntro.swift */ = {isa = PBXFileReference; fileEncoding = 4; lastKnownFileType = sourcecode.swift; path = MissionIntro.swift; sourceTree = "<group>"; };
		BD25F6742A672DFC002D7553 /* unhousED_App.app */ = {isa = PBXFileReference; explicitFileType = wrapper.application; includeInIndex = 0; path = unhousED_App.app; sourceTree = BUILT_PRODUCTS_DIR; };
		BD25F6772A672DFC002D7553 /* unhousED_AppApp.swift */ = {isa = PBXFileReference; lastKnownFileType = sourcecode.swift; path = unhousED_AppApp.swift; sourceTree = "<group>"; };
		BD25F6792A672DFC002D7553 /* ContentView.swift */ = {isa = PBXFileReference; lastKnownFileType = sourcecode.swift; path = ContentView.swift; sourceTree = "<group>"; };
		BD25F67B2A672E04002D7553 /* Assets.xcassets */ = {isa = PBXFileReference; lastKnownFileType = folder.assetcatalog; path = Assets.xcassets; sourceTree = "<group>"; };
		BD25F67E2A672E04002D7553 /* Preview Assets.xcassets */ = {isa = PBXFileReference; lastKnownFileType = folder.assetcatalog; path = "Preview Assets.xcassets"; sourceTree = "<group>"; };
		BD3FF4272A6890790018509E /* mainMenu.swift */ = {isa = PBXFileReference; lastKnownFileType = sourcecode.swift; path = mainMenu.swift; sourceTree = "<group>"; };
		BD3FF4292A6890E70018509E /* educationaMenu.swift */ = {isa = PBXFileReference; lastKnownFileType = sourcecode.swift; path = educationaMenu.swift; sourceTree = "<group>"; };
		BDC2316C2A67434400FE76FF /* Karla-Italic-VariableFont_wght.ttf */ = {isa = PBXFileReference; lastKnownFileType = file; path = "Karla-Italic-VariableFont_wght.ttf"; sourceTree = "<group>"; };
		BDC231702A67454100FE76FF /* Karla-VariableFont_wght.ttf */ = {isa = PBXFileReference; lastKnownFileType = file; path = "Karla-VariableFont_wght.ttf"; sourceTree = "<group>"; };
		BDC231722A6745DF00FE76FF /* unhousED-App-Info.plist */ = {isa = PBXFileReference; lastKnownFileType = text.plist; path = "unhousED-App-Info.plist"; sourceTree = SOURCE_ROOT; };
		BDF8540F2A688C9D005E7CA9 /* NavigationBar.swift */ = {isa = PBXFileReference; lastKnownFileType = sourcecode.swift; path = NavigationBar.swift; sourceTree = "<group>"; };
		BDF854112A688E11005E7CA9 /* destinationTest.swift */ = {isa = PBXFileReference; lastKnownFileType = sourcecode.swift; path = destinationTest.swift; sourceTree = "<group>"; };
/* End PBXFileReference section */

/* Begin PBXFrameworksBuildPhase section */
		BD25F6712A672DFC002D7553 /* Frameworks */ = {
			isa = PBXFrameworksBuildPhase;
			buildActionMask = 2147483647;
			files = (
			);
			runOnlyForDeploymentPostprocessing = 0;
		};
/* End PBXFrameworksBuildPhase section */

/* Begin PBXGroup section */
		BD25F66B2A672DFC002D7553 = {
			isa = PBXGroup;
			children = (
				BD25F6762A672DFC002D7553 /* unhousED_App */,
				BD25F6752A672DFC002D7553 /* Products */,
			);
			sourceTree = "<group>";
		};
		BD25F6752A672DFC002D7553 /* Products */ = {
			isa = PBXGroup;
			children = (
				BD25F6742A672DFC002D7553 /* unhousED_App.app */,
			);
			name = Products;
			sourceTree = "<group>";
		};
		BD25F6762A672DFC002D7553 /* unhousED_App */ = {
			isa = PBXGroup;
			children = (
				BDC231722A6745DF00FE76FF /* unhousED-App-Info.plist */,
				BD25F6772A672DFC002D7553 /* unhousED_AppApp.swift */,
				BD25F6792A672DFC002D7553 /* ContentView.swift */,
				2351D33A2A68FCC800374208 /* MissionIntro.swift */,
				BDF8540F2A688C9D005E7CA9 /* NavigationBar.swift */,
				BDF854112A688E11005E7CA9 /* destinationTest.swift */,
				BD3FF4292A6890E70018509E /* educationaMenu.swift */,
				BD3FF4272A6890790018509E /* mainMenu.swift */,
				BDC231702A67454100FE76FF /* Karla-VariableFont_wght.ttf */,
				BDC2316C2A67434400FE76FF /* Karla-Italic-VariableFont_wght.ttf */,
				BD25F67B2A672E04002D7553 /* Assets.xcassets */,
				BD25F67D2A672E04002D7553 /* Preview Content */,
			);
			path = unhousED_App;
			sourceTree = "<group>";
		};
		BD25F67D2A672E04002D7553 /* Preview Content */ = {
			isa = PBXGroup;
			children = (
				BD25F67E2A672E04002D7553 /* Preview Assets.xcassets */,
			);
			path = "Preview Content";
			sourceTree = "<group>";
		};
/* End PBXGroup section */

/* Begin PBXNativeTarget section */
		BD25F6732A672DFC002D7553 /* unhousED_App */ = {
			isa = PBXNativeTarget;
			buildConfigurationList = BD25F6822A672E04002D7553 /* Build configuration list for PBXNativeTarget "unhousED_App" */;
			buildPhases = (
				BD25F6702A672DFC002D7553 /* Sources */,
				BD25F6712A672DFC002D7553 /* Frameworks */,
				BD25F6722A672DFC002D7553 /* Resources */,
			);
			buildRules = (
			);
			dependencies = (
			);
			name = unhousED_App;
			productName = unhousED_App;
			productReference = BD25F6742A672DFC002D7553 /* unhousED_App.app */;
			productType = "com.apple.product-type.application";
		};
/* End PBXNativeTarget section */

/* Begin PBXProject section */
		BD25F66C2A672DFC002D7553 /* Project object */ = {
			isa = PBXProject;
			attributes = {
				BuildIndependentTargetsInParallel = 1;
				LastSwiftUpdateCheck = 1430;
				LastUpgradeCheck = 1430;
				TargetAttributes = {
					BD25F6732A672DFC002D7553 = {
						CreatedOnToolsVersion = 14.3.1;
					};
				};
			};
			buildConfigurationList = BD25F66F2A672DFC002D7553 /* Build configuration list for PBXProject "unhousED_App" */;
			compatibilityVersion = "Xcode 14.0";
			developmentRegion = en;
			hasScannedForEncodings = 0;
			knownRegions = (
				en,
				Base,
			);
			mainGroup = BD25F66B2A672DFC002D7553;
			productRefGroup = BD25F6752A672DFC002D7553 /* Products */;
			projectDirPath = "";
			projectRoot = "";
			targets = (
				BD25F6732A672DFC002D7553 /* unhousED_App */,
			);
		};
/* End PBXProject section */

/* Begin PBXResourcesBuildPhase section */
		BD25F6722A672DFC002D7553 /* Resources */ = {
			isa = PBXResourcesBuildPhase;
			buildActionMask = 2147483647;
			files = (
				BD25F67F2A672E04002D7553 /* Preview Assets.xcassets in Resources */,
				BDC231712A67454100FE76FF /* Karla-VariableFont_wght.ttf in Resources */,
				BD25F67C2A672E04002D7553 /* Assets.xcassets in Resources */,
				BDC2316D2A67434400FE76FF /* Karla-Italic-VariableFont_wght.ttf in Resources */,
			);
			runOnlyForDeploymentPostprocessing = 0;
		};
/* End PBXResourcesBuildPhase section */

/* Begin PBXSourcesBuildPhase section */
		BD25F6702A672DFC002D7553 /* Sources */ = {
			isa = PBXSourcesBuildPhase;
			buildActionMask = 2147483647;
			files = (
				BD3FF4282A6890790018509E /* mainMenu.swift in Sources */,
				BD3FF42A2A6890E70018509E /* educationaMenu.swift in Sources */,
				BD25F67A2A672DFC002D7553 /* ContentView.swift in Sources */,
				BD25F6782A672DFC002D7553 /* unhousED_AppApp.swift in Sources */,
				2351D33B2A68FCC800374208 /* MissionIntro.swift in Sources */,
				BDF854122A688E11005E7CA9 /* destinationTest.swift in Sources */,
				BDF854102A688C9D005E7CA9 /* NavigationBar.swift in Sources */,
			);
			runOnlyForDeploymentPostprocessing = 0;
		};
/* End PBXSourcesBuildPhase section */

/* Begin XCBuildConfiguration section */
		BD25F6802A672E04002D7553 /* Debug */ = {
			isa = XCBuildConfiguration;
			buildSettings = {
				ALWAYS_SEARCH_USER_PATHS = NO;
				CLANG_ANALYZER_NONNULL = YES;
				CLANG_ANALYZER_NUMBER_OBJECT_CONVERSION = YES_AGGRESSIVE;
				CLANG_CXX_LANGUAGE_STANDARD = "gnu++20";
				CLANG_ENABLE_MODULES = YES;
				CLANG_ENABLE_OBJC_ARC = YES;
				CLANG_ENABLE_OBJC_WEAK = YES;
				CLANG_WARN_BLOCK_CAPTURE_AUTORELEASING = YES;
				CLANG_WARN_BOOL_CONVERSION = YES;
				CLANG_WARN_COMMA = YES;
				CLANG_WARN_CONSTANT_CONVERSION = YES;
				CLANG_WARN_DEPRECATED_OBJC_IMPLEMENTATIONS = YES;
				CLANG_WARN_DIRECT_OBJC_ISA_USAGE = YES_ERROR;
				CLANG_WARN_DOCUMENTATION_COMMENTS = YES;
				CLANG_WARN_EMPTY_BODY = YES;
				CLANG_WARN_ENUM_CONVERSION = YES;
				CLANG_WARN_INFINITE_RECURSION = YES;
				CLANG_WARN_INT_CONVERSION = YES;
				CLANG_WARN_NON_LITERAL_NULL_CONVERSION = YES;
				CLANG_WARN_OBJC_IMPLICIT_RETAIN_SELF = YES;
				CLANG_WARN_OBJC_LITERAL_CONVERSION = YES;
				CLANG_WARN_OBJC_ROOT_CLASS = YES_ERROR;
				CLANG_WARN_QUOTED_INCLUDE_IN_FRAMEWORK_HEADER = YES;
				CLANG_WARN_RANGE_LOOP_ANALYSIS = YES;
				CLANG_WARN_STRICT_PROTOTYPES = YES;
				CLANG_WARN_SUSPICIOUS_MOVE = YES;
				CLANG_WARN_UNGUARDED_AVAILABILITY = YES_AGGRESSIVE;
				CLANG_WARN_UNREACHABLE_CODE = YES;
				CLANG_WARN__DUPLICATE_METHOD_MATCH = YES;
				COPY_PHASE_STRIP = NO;
				DEBUG_INFORMATION_FORMAT = dwarf;
				ENABLE_STRICT_OBJC_MSGSEND = YES;
				ENABLE_TESTABILITY = YES;
				GCC_C_LANGUAGE_STANDARD = gnu11;
				GCC_DYNAMIC_NO_PIC = NO;
				GCC_NO_COMMON_BLOCKS = YES;
				GCC_OPTIMIZATION_LEVEL = 0;
				GCC_PREPROCESSOR_DEFINITIONS = (
					"DEBUG=1",
					"$(inherited)",
				);
				GCC_WARN_64_TO_32_BIT_CONVERSION = YES;
				GCC_WARN_ABOUT_RETURN_TYPE = YES_ERROR;
				GCC_WARN_UNDECLARED_SELECTOR = YES;
				GCC_WARN_UNINITIALIZED_AUTOS = YES_AGGRESSIVE;
				GCC_WARN_UNUSED_FUNCTION = YES;
				GCC_WARN_UNUSED_VARIABLE = YES;
				IPHONEOS_DEPLOYMENT_TARGET = 16.4;
				MTL_ENABLE_DEBUG_INFO = INCLUDE_SOURCE;
				MTL_FAST_MATH = YES;
				ONLY_ACTIVE_ARCH = YES;
				SDKROOT = iphoneos;
				SWIFT_ACTIVE_COMPILATION_CONDITIONS = DEBUG;
				SWIFT_OPTIMIZATION_LEVEL = "-Onone";
			};
			name = Debug;
		};
		BD25F6812A672E04002D7553 /* Release */ = {
			isa = XCBuildConfiguration;
			buildSettings = {
				ALWAYS_SEARCH_USER_PATHS = NO;
				CLANG_ANALYZER_NONNULL = YES;
				CLANG_ANALYZER_NUMBER_OBJECT_CONVERSION = YES_AGGRESSIVE;
				CLANG_CXX_LANGUAGE_STANDARD = "gnu++20";
				CLANG_ENABLE_MODULES = YES;
				CLANG_ENABLE_OBJC_ARC = YES;
				CLANG_ENABLE_OBJC_WEAK = YES;
				CLANG_WARN_BLOCK_CAPTURE_AUTORELEASING = YES;
				CLANG_WARN_BOOL_CONVERSION = YES;
				CLANG_WARN_COMMA = YES;
				CLANG_WARN_CONSTANT_CONVERSION = YES;
				CLANG_WARN_DEPRECATED_OBJC_IMPLEMENTATIONS = YES;
				CLANG_WARN_DIRECT_OBJC_ISA_USAGE = YES_ERROR;
				CLANG_WARN_DOCUMENTATION_COMMENTS = YES;
				CLANG_WARN_EMPTY_BODY = YES;
				CLANG_WARN_ENUM_CONVERSION = YES;
				CLANG_WARN_INFINITE_RECURSION = YES;
				CLANG_WARN_INT_CONVERSION = YES;
				CLANG_WARN_NON_LITERAL_NULL_CONVERSION = YES;
				CLANG_WARN_OBJC_IMPLICIT_RETAIN_SELF = YES;
				CLANG_WARN_OBJC_LITERAL_CONVERSION = YES;
				CLANG_WARN_OBJC_ROOT_CLASS = YES_ERROR;
				CLANG_WARN_QUOTED_INCLUDE_IN_FRAMEWORK_HEADER = YES;
				CLANG_WARN_RANGE_LOOP_ANALYSIS = YES;
				CLANG_WARN_STRICT_PROTOTYPES = YES;
				CLANG_WARN_SUSPICIOUS_MOVE = YES;
				CLANG_WARN_UNGUARDED_AVAILABILITY = YES_AGGRESSIVE;
				CLANG_WARN_UNREACHABLE_CODE = YES;
				CLANG_WARN__DUPLICATE_METHOD_MATCH = YES;
				COPY_PHASE_STRIP = NO;
				DEBUG_INFORMATION_FORMAT = "dwarf-with-dsym";
				ENABLE_NS_ASSERTIONS = NO;
				ENABLE_STRICT_OBJC_MSGSEND = YES;
				GCC_C_LANGUAGE_STANDARD = gnu11;
				GCC_NO_COMMON_BLOCKS = YES;
				GCC_WARN_64_TO_32_BIT_CONVERSION = YES;
				GCC_WARN_ABOUT_RETURN_TYPE = YES_ERROR;
				GCC_WARN_UNDECLARED_SELECTOR = YES;
				GCC_WARN_UNINITIALIZED_AUTOS = YES_AGGRESSIVE;
				GCC_WARN_UNUSED_FUNCTION = YES;
				GCC_WARN_UNUSED_VARIABLE = YES;
				IPHONEOS_DEPLOYMENT_TARGET = 16.4;
				MTL_ENABLE_DEBUG_INFO = NO;
				MTL_FAST_MATH = YES;
				SDKROOT = iphoneos;
				SWIFT_COMPILATION_MODE = wholemodule;
				SWIFT_OPTIMIZATION_LEVEL = "-O";
				VALIDATE_PRODUCT = YES;
			};
			name = Release;
		};
		BD25F6832A672E04002D7553 /* Debug */ = {
			isa = XCBuildConfiguration;
			buildSettings = {
				ASSETCATALOG_COMPILER_APPICON_NAME = AppIcon;
				ASSETCATALOG_COMPILER_GLOBAL_ACCENT_COLOR_NAME = AccentColor;
				CODE_SIGN_STYLE = Automatic;
				CURRENT_PROJECT_VERSION = 1;
				DEVELOPMENT_ASSET_PATHS = "\"unhousED_App/Preview Content\"";
				DEVELOPMENT_TEAM = V78M6M9HUT;
				ENABLE_PREVIEWS = YES;
				GENERATE_INFOPLIST_FILE = YES;
				INFOPLIST_FILE = "unhousED-App-Info.plist";
				INFOPLIST_KEY_UIApplicationSceneManifest_Generation = YES;
				INFOPLIST_KEY_UIApplicationSupportsIndirectInputEvents = YES;
				INFOPLIST_KEY_UILaunchScreen_Generation = YES;
				INFOPLIST_KEY_UISupportedInterfaceOrientations_iPad = "UIInterfaceOrientationPortrait UIInterfaceOrientationPortraitUpsideDown UIInterfaceOrientationLandscapeLeft UIInterfaceOrientationLandscapeRight";
				INFOPLIST_KEY_UISupportedInterfaceOrientations_iPhone = "UIInterfaceOrientationPortrait UIInterfaceOrientationLandscapeLeft UIInterfaceOrientationLandscapeRight";
				IPHONEOS_DEPLOYMENT_TARGET = 16.2;
				LD_RUNPATH_SEARCH_PATHS = (
					"$(inherited)",
					"@executable_path/Frameworks",
				);
				MARKETING_VERSION = 1.0;
				PRODUCT_BUNDLE_IDENTIFIER = "KWK.unhousED-App";
				PRODUCT_NAME = "$(TARGET_NAME)";
				SWIFT_EMIT_LOC_STRINGS = YES;
				SWIFT_VERSION = 5.0;
				TARGETED_DEVICE_FAMILY = "1,2";
			};
			name = Debug;
		};
		BD25F6842A672E04002D7553 /* Release */ = {
			isa = XCBuildConfiguration;
			buildSettings = {
				ASSETCATALOG_COMPILER_APPICON_NAME = AppIcon;
				ASSETCATALOG_COMPILER_GLOBAL_ACCENT_COLOR_NAME = AccentColor;
				CODE_SIGN_STYLE = Automatic;
				CURRENT_PROJECT_VERSION = 1;
				DEVELOPMENT_ASSET_PATHS = "\"unhousED_App/Preview Content\"";
				DEVELOPMENT_TEAM = V78M6M9HUT;
				ENABLE_PREVIEWS = YES;
				GENERATE_INFOPLIST_FILE = YES;
				INFOPLIST_FILE = "unhousED-App-Info.plist";
				INFOPLIST_KEY_UIApplicationSceneManifest_Generation = YES;
				INFOPLIST_KEY_UIApplicationSupportsIndirectInputEvents = YES;
				INFOPLIST_KEY_UILaunchScreen_Generation = YES;
				INFOPLIST_KEY_UISupportedInterfaceOrientations_iPad = "UIInterfaceOrientationPortrait UIInterfaceOrientationPortraitUpsideDown UIInterfaceOrientationLandscapeLeft UIInterfaceOrientationLandscapeRight";
				INFOPLIST_KEY_UISupportedInterfaceOrientations_iPhone = "UIInterfaceOrientationPortrait UIInterfaceOrientationLandscapeLeft UIInterfaceOrientationLandscapeRight";
				IPHONEOS_DEPLOYMENT_TARGET = 16.2;
				LD_RUNPATH_SEARCH_PATHS = (
					"$(inherited)",
					"@executable_path/Frameworks",
				);
				MARKETING_VERSION = 1.0;
				PRODUCT_BUNDLE_IDENTIFIER = "KWK.unhousED-App";
				PRODUCT_NAME = "$(TARGET_NAME)";
				SWIFT_EMIT_LOC_STRINGS = YES;
				SWIFT_VERSION = 5.0;
				TARGETED_DEVICE_FAMILY = "1,2";
			};
			name = Release;
		};
/* End XCBuildConfiguration section */

/* Begin XCConfigurationList section */
		BD25F66F2A672DFC002D7553 /* Build configuration list for PBXProject "unhousED_App" */ = {
			isa = XCConfigurationList;
			buildConfigurations = (
				BD25F6802A672E04002D7553 /* Debug */,
				BD25F6812A672E04002D7553 /* Release */,
			);
			defaultConfigurationIsVisible = 0;
			defaultConfigurationName = Release;
		};
		BD25F6822A672E04002D7553 /* Build configuration list for PBXNativeTarget "unhousED_App" */ = {
			isa = XCConfigurationList;
			buildConfigurations = (
				BD25F6832A672E04002D7553 /* Debug */,
				BD25F6842A672E04002D7553 /* Release */,
			);
			defaultConfigurationIsVisible = 0;
			defaultConfigurationName = Release;
		};
/* End XCConfigurationList section */
	};
	rootObject = BD25F66C2A672DFC002D7553 /* Project object */;
}
